
Microsoft Visual Studio Solution File, Format Version 12.00
# Visual Studio Version 16
VisualStudioVersion = 16.0.29920.165
MinimumVisualStudioVersion = 10.0.40219.1
Project("{9A19103F-16F7-4668-BE54-9A1E7A4F7556}") = "PaymentApp", "KafkaProducer\PaymentApp.csproj", "{322599E4-3A15-48EC-95BD-79C16E4BF106}"
EndProject
Global
	GlobalSection(SolutionConfigurationPlatforms) = preSolution
		Debug|Any CPU = Debug|Any CPU
		Release|Any CPU = Release|Any CPU
	EndGlobalSection
	GlobalSection(ProjectConfigurationPlatforms) = postSolution
		{322599E4-3A15-48EC-95BD-79C16E4BF106}.Debug|Any CPU.ActiveCfg = Debug|Any CPU
		{322599E4-3A15-48EC-95BD-79C16E4BF106}.Debug|Any CPU.Build.0 = Debug|Any CPU
		{322599E4-3A15-48EC-95BD-79C16E4BF106}.Release|Any CPU.ActiveCfg = Release|Any CPU
		{322599E4-3A15-48EC-95BD-79C16E4BF106}.Release|Any CPU.Build.0 = Release|Any CPU
	EndGlobalSection
	GlobalSection(SolutionProperties) = preSolution
		HideSolutionNode = FALSE
	EndGlobalSection
	GlobalSection(ExtensibilityGlobals) = postSolution
		SolutionGuid = {C1E19797-BD49-4873-9875-FDC49A67139A}
	EndGlobalSection
EndGlobal
